
Microsoft Visual Studio Solution File, Format Version 12.00
# Visual Studio Version 17
VisualStudioVersion = 17.9.34622.214
MinimumVisualStudioVersion = 10.0.40219.1
Project("{FAE04EC0-301F-11D3-BF4B-00C04F79EFBC}") = "Library_Management_System", "Library_Management_System.csproj", "{E7C4ACC3-994A-4F90-AB84-9D330E1C723A}"
EndProject
Global
	GlobalSection(SolutionConfigurationPlatforms) = preSolution
		Debug|Any CPU = Debug|Any CPU
		Release|Any CPU = Release|Any CPU
	EndGlobalSection
	GlobalSection(ProjectConfigurationPlatforms) = postSolution
		{E7C4ACC3-994A-4F90-AB84-9D330E1C723A}.Debug|Any CPU.ActiveCfg = Debug|Any CPU
		{E7C4ACC3-994A-4F90-AB84-9D330E1C723A}.Debug|Any CPU.Build.0 = Debug|Any CPU
		{E7C4ACC3-994A-4F90-AB84-9D330E1C723A}.Release|Any CPU.ActiveCfg = Release|Any CPU
		{E7C4ACC3-994A-4F90-AB84-9D330E1C723A}.Release|Any CPU.Build.0 = Release|Any CPU
	EndGlobalSection
	GlobalSection(SolutionProperties) = preSolution
		HideSolutionNode = FALSE
	EndGlobalSection
	GlobalSection(ExtensibilityGlobals) = postSolution
		SolutionGuid = {3449069C-D3E8-463F-9C3C-8F985F491BA6}
	EndGlobalSection
EndGlobal
